{
  "name": "choro-abc",
  "version": "1.0.0",
  "lockfileVersion": 3,
  "requires": true,
  "packages": {
    "": {
      "name": "choro-abc",
      "version": "1.0.0",
      "license": "MIT",
      "devDependencies": {
        "abctools": "^0.1.8"
      }
    },
    "node_modules/abctools": {
      "version": "0.1.8",
      "resolved": "https://registry.npmjs.org/abctools/-/abctools-0.1.8.tgz",
      "integrity": "sha512-7zW8tGsff9iMXP4lavZPPmZCxfd/HvhYkGzfNYZgssASdcyfQEn3Q4vK0LvFZCsYzMRGgSVM/sv4n93ZaIk7sA==",
      "dev": true,
      "license": "MIT",
      "bin": {
        "abcbuild": "bin/cli.mjs"
      }
    }
  }
}
