{
  "name": "choro-abc",
  "version": "1.0.0",
  "lockfileVersion": 3,
  "requires": true,
  "packages": {
    "": {
      "name": "choro-abc",
      "version": "1.0.0",
      "license": "MIT",
      "devDependencies": {
        "abctools": "^0.1.9"
      }
    },
    "node_modules/abctools": {
      "version": "0.1.9",
      "resolved": "https://registry.npmjs.org/abctools/-/abctools-0.1.9.tgz",
      "integrity": "sha512-I5TUNG7GL6PT5Z6e9DNg1Ra1HOCzrt3GM+4He7sh62GoYSwAnEaxeuKEwcUs1azEHNMQa/6wUWWjKIzk95HEQg==",
      "dev": true,
      "license": "MIT",
      "bin": {
        "abcbuild": "bin/cli.mjs"
      }
    }
  }
}
