{
  "name": "choro-abc",
  "version": "1.0.0",
  "lockfileVersion": 3,
  "requires": true,
  "packages": {
    "": {
      "name": "choro-abc",
      "version": "1.0.0",
      "license": "MIT",
      "devDependencies": {
        "abctools": "^0.1.6"
      }
    },
    "node_modules/abctools": {
      "version": "0.1.6",
      "resolved": "https://registry.npmjs.org/abctools/-/abctools-0.1.6.tgz",
      "integrity": "sha512-Z+nVbk+VtFRjTZ78ZtyuQj0BlhoExTcN4NpXgG5wUPmgoDIdsmRNQ2bWNnZtisfTyo3X98XlW6ZOZa2lUzdDVQ==",
      "dev": true,
      "license": "MIT",
      "bin": {
        "abcbuild": "bin/cli.mjs"
      }
    }
  }
}
